
Microsoft Visual Studio Solution File, Format Version 12.00
# Visual Studio Version 17
VisualStudioVersion = 17.9.34728.123
MinimumVisualStudioVersion = 10.0.40219.1
Project("{FAE04EC0-301F-11D3-BF4B-00C04F79EFBC}") = "FinanceMicroApp", "FinanceMicroApp\FinanceMicroApp.csproj", "{4C3A245A-9311-467D-A909-86AAB934E01C}"
EndProject
Global
	GlobalSection(SolutionConfigurationPlatforms) = preSolution
		Debug|Any CPU = Debug|Any CPU
		Release|Any CPU = Release|Any CPU
	EndGlobalSection
	GlobalSection(ProjectConfigurationPlatforms) = postSolution
		{4C3A245A-9311-467D-A909-86AAB934E01C}.Debug|Any CPU.ActiveCfg = Debug|Any CPU
		{4C3A245A-9311-467D-A909-86AAB934E01C}.Debug|Any CPU.Build.0 = Debug|Any CPU
		{4C3A245A-9311-467D-A909-86AAB934E01C}.Release|Any CPU.ActiveCfg = Release|Any CPU
		{4C3A245A-9311-467D-A909-86AAB934E01C}.Release|Any CPU.Build.0 = Release|Any CPU
	EndGlobalSection
	GlobalSection(SolutionProperties) = preSolution
		HideSolutionNode = FALSE
	EndGlobalSection
	GlobalSection(ExtensibilityGlobals) = postSolution
		SolutionGuid = {C59E9530-0332-4AB5-9BBA-D91495D4F31B}
	EndGlobalSection
EndGlobal
